
Microsoft Visual Studio Solution File, Format Version 12.00
# Visual Studio Version 17
VisualStudioVersion = 17.0.31903.59
MinimumVisualStudioVersion = 10.0.40219.1
Project("{2150E333-8FDC-42A3-9474-1A3956D46DE8}") = "src", "src", "{827E0CD3-B72D-47B6-A68D-7590B98EB39B}"
EndProject
Project("{FAE04EC0-301F-11D3-BF4B-00C04F79EFBC}") = "HRManagementSystem.Domain", "src\HRManagementSystem.Domain\HRManagementSystem.Domain.csproj", "{20C85D59-030C-43C7-B297-7F71C555D134}"
EndProject
Project("{FAE04EC0-301F-11D3-BF4B-00C04F79EFBC}") = "HRManagementSystem.Application", "src\HRManagementSystem.Application\HRManagementSystem.Application.csproj", "{F6E7DA1D-7782-4ED3-B6A5-1D3DB1EFC2C4}"
EndProject
Project("{FAE04EC0-301F-11D3-BF4B-00C04F79EFBC}") = "HRManagementSystem.Infrastructure", "src\HRManagementSystem.Infrastructure\HRManagementSystem.Infrastructure.csproj", "{05E22CFE-8052-456D-A0E8-CFE82D7AB68A}"
EndProject
Project("{FAE04EC0-301F-11D3-BF4B-00C04F79EFBC}") = "HRManagementSystem.API", "src\HRManagementSystem.API\HRManagementSystem.API.csproj", "{8759D330-A253-4A24-A31D-33AA3C753094}"
EndProject
Global
	GlobalSection(SolutionConfigurationPlatforms) = preSolution
		Debug|Any CPU = Debug|Any CPU
		Debug|x64 = Debug|x64
		Debug|x86 = Debug|x86
		Release|Any CPU = Release|Any CPU
		Release|x64 = Release|x64
		Release|x86 = Release|x86
	EndGlobalSection
	GlobalSection(ProjectConfigurationPlatforms) = postSolution
		{20C85D59-030C-43C7-B297-7F71C555D134}.Debug|Any CPU.ActiveCfg = Debug|Any CPU
		{20C85D59-030C-43C7-B297-7F71C555D134}.Debug|Any CPU.Build.0 = Debug|Any CPU
		{20C85D59-030C-43C7-B297-7F71C555D134}.Debug|x64.ActiveCfg = Debug|Any CPU
		{20C85D59-030C-43C7-B297-7F71C555D134}.Debug|x64.Build.0 = Debug|Any CPU
		{20C85D59-030C-43C7-B297-7F71C555D134}.Debug|x86.ActiveCfg = Debug|Any CPU
		{20C85D59-030C-43C7-B297-7F71C555D134}.Debug|x86.Build.0 = Debug|Any CPU
		{20C85D59-030C-43C7-B297-7F71C555D134}.Release|Any CPU.ActiveCfg = Release|Any CPU
		{20C85D59-030C-43C7-B297-7F71C555D134}.Release|Any CPU.Build.0 = Release|Any CPU
		{20C85D59-030C-43C7-B297-7F71C555D134}.Release|x64.ActiveCfg = Release|Any CPU
		{20C85D59-030C-43C7-B297-7F71C555D134}.Release|x64.Build.0 = Release|Any CPU
		{20C85D59-030C-43C7-B297-7F71C555D134}.Release|x86.ActiveCfg = Release|Any CPU
		{20C85D59-030C-43C7-B297-7F71C555D134}.Release|x86.Build.0 = Release|Any CPU
		{F6E7DA1D-7782-4ED3-B6A5-1D3DB1EFC2C4}.Debug|Any CPU.ActiveCfg = Debug|Any CPU
		{F6E7DA1D-7782-4ED3-B6A5-1D3DB1EFC2C4}.Debug|Any CPU.Build.0 = Debug|Any CPU
		{F6E7DA1D-7782-4ED3-B6A5-1D3DB1EFC2C4}.Debug|x64.ActiveCfg = Debug|Any CPU
		{F6E7DA1D-7782-4ED3-B6A5-1D3DB1EFC2C4}.Debug|x64.Build.0 = Debug|Any CPU
		{F6E7DA1D-7782-4ED3-B6A5-1D3DB1EFC2C4}.Debug|x86.ActiveCfg = Debug|Any CPU
		{F6E7DA1D-7782-4ED3-B6A5-1D3DB1EFC2C4}.Debug|x86.Build.0 = Debug|Any CPU
		{F6E7DA1D-7782-4ED3-B6A5-1D3DB1EFC2C4}.Release|Any CPU.ActiveCfg = Release|Any CPU
		{F6E7DA1D-7782-4ED3-B6A5-1D3DB1EFC2C4}.Release|Any CPU.Build.0 = Release|Any CPU
		{F6E7DA1D-7782-4ED3-B6A5-1D3DB1EFC2C4}.Release|x64.ActiveCfg = Release|Any CPU
		{F6E7DA1D-7782-4ED3-B6A5-1D3DB1EFC2C4}.Release|x64.Build.0 = Release|Any CPU
		{F6E7DA1D-7782-4ED3-B6A5-1D3DB1EFC2C4}.Release|x86.ActiveCfg = Release|Any CPU
		{F6E7DA1D-7782-4ED3-B6A5-1D3DB1EFC2C4}.Release|x86.Build.0 = Release|Any CPU
		{05E22CFE-8052-456D-A0E8-CFE82D7AB68A}.Debug|Any CPU.ActiveCfg = Debug|Any CPU
		{05E22CFE-8052-456D-A0E8-CFE82D7AB68A}.Debug|Any CPU.Build.0 = Debug|Any CPU
		{05E22CFE-8052-456D-A0E8-CFE82D7AB68A}.Debug|x64.ActiveCfg = Debug|Any CPU
		{05E22CFE-8052-456D-A0E8-CFE82D7AB68A}.Debug|x64.Build.0 = Debug|Any CPU
		{05E22CFE-8052-456D-A0E8-CFE82D7AB68A}.Debug|x86.ActiveCfg = Debug|Any CPU
		{05E22CFE-8052-456D-A0E8-CFE82D7AB68A}.Debug|x86.Build.0 = Debug|Any CPU
		{05E22CFE-8052-456D-A0E8-CFE82D7AB68A}.Release|Any CPU.ActiveCfg = Release|Any CPU
		{05E22CFE-8052-456D-A0E8-CFE82D7AB68A}.Release|Any CPU.Build.0 = Release|Any CPU
		{05E22CFE-8052-456D-A0E8-CFE82D7AB68A}.Release|x64.ActiveCfg = Release|Any CPU
		{05E22CFE-8052-456D-A0E8-CFE82D7AB68A}.Release|x64.Build.0 = Release|Any CPU
		{05E22CFE-8052-456D-A0E8-CFE82D7AB68A}.Release|x86.ActiveCfg = Release|Any CPU
		{05E22CFE-8052-456D-A0E8-CFE82D7AB68A}.Release|x86.Build.0 = Release|Any CPU
		{8759D330-A253-4A24-A31D-33AA3C753094}.Debug|Any CPU.ActiveCfg = Debug|Any CPU
		{8759D330-A253-4A24-A31D-33AA3C753094}.Debug|Any CPU.Build.0 = Debug|Any CPU
		{8759D330-A253-4A24-A31D-33AA3C753094}.Debug|x64.ActiveCfg = Debug|Any CPU
		{8759D330-A253-4A24-A31D-33AA3C753094}.Debug|x64.Build.0 = Debug|Any CPU
		{8759D330-A253-4A24-A31D-33AA3C753094}.Debug|x86.ActiveCfg = Debug|Any CPU
		{8759D330-A253-4A24-A31D-33AA3C753094}.Debug|x86.Build.0 = Debug|Any CPU
		{8759D330-A253-4A24-A31D-33AA3C753094}.Release|Any CPU.ActiveCfg = Release|Any CPU
		{8759D330-A253-4A24-A31D-33AA3C753094}.Release|Any CPU.Build.0 = Release|Any CPU
		{8759D330-A253-4A24-A31D-33AA3C753094}.Release|x64.ActiveCfg = Release|Any CPU
		{8759D330-A253-4A24-A31D-33AA3C753094}.Release|x64.Build.0 = Release|Any CPU
		{8759D330-A253-4A24-A31D-33AA3C753094}.Release|x86.ActiveCfg = Release|Any CPU
		{8759D330-A253-4A24-A31D-33AA3C753094}.Release|x86.Build.0 = Release|Any CPU
	EndGlobalSection
	GlobalSection(SolutionProperties) = preSolution
		HideSolutionNode = FALSE
	EndGlobalSection
	GlobalSection(NestedProjects) = preSolution
		{20C85D59-030C-43C7-B297-7F71C555D134} = {827E0CD3-B72D-47B6-A68D-7590B98EB39B}
		{F6E7DA1D-7782-4ED3-B6A5-1D3DB1EFC2C4} = {827E0CD3-B72D-47B6-A68D-7590B98EB39B}
		{05E22CFE-8052-456D-A0E8-CFE82D7AB68A} = {827E0CD3-B72D-47B6-A68D-7590B98EB39B}
		{8759D330-A253-4A24-A31D-33AA3C753094} = {827E0CD3-B72D-47B6-A68D-7590B98EB39B}
	EndGlobalSection
EndGlobal
